
Microsoft Visual Studio Solution File, Format Version 12.00
# Visual Studio Version 16
VisualStudioVersion = 16.0.30621.155
MinimumVisualStudioVersion = 10.0.40219.1
Project("{FAE04EC0-301F-11D3-BF4B-00C04F79EFBC}") = "Website", "Website\Website.csproj", "{3A4D3AA8-7F35-4B56-89AA-749BDFFC2A7C}"
EndProject
Global
	GlobalSection(SolutionConfigurationPlatforms) = preSolution
		Debug|Any CPU = Debug|Any CPU
		Release|Any CPU = Release|Any CPU
	EndGlobalSection
	GlobalSection(ProjectConfigurationPlatforms) = postSolution
		{3A4D3AA8-7F35-4B56-89AA-749BDFFC2A7C}.Debug|Any CPU.ActiveCfg = Debug|Any CPU
		{3A4D3AA8-7F35-4B56-89AA-749BDFFC2A7C}.Debug|Any CPU.Build.0 = Debug|Any CPU
		{3A4D3AA8-7F35-4B56-89AA-749BDFFC2A7C}.Release|Any CPU.ActiveCfg = Release|Any CPU
		{3A4D3AA8-7F35-4B56-89AA-749BDFFC2A7C}.Release|Any CPU.Build.0 = Release|Any CPU
	EndGlobalSection
	GlobalSection(SolutionProperties) = preSolution
		HideSolutionNode = FALSE
	EndGlobalSection
	GlobalSection(ExtensibilityGlobals) = postSolution
		SolutionGuid = {53CE918B-08D7-4B4B-88B4-8823FA456C03}
	EndGlobalSection
EndGlobal
